
Microsoft Visual Studio Solution File, Format Version 12.00
# Visual Studio Version 16
VisualStudioVersion = 16.0.30804.86
MinimumVisualStudioVersion = 10.0.40219.1
Project("{FAE04EC0-301F-11D3-BF4B-00C04F79EFBC}") = "Coursework_AaDS", "Coursework_AaDS.csproj", "{FF9B1348-111C-4BE1-A043-BBF6D8420EA4}"
EndProject
Global
	GlobalSection(SolutionConfigurationPlatforms) = preSolution
		Debug|Any CPU = Debug|Any CPU
		Release|Any CPU = Release|Any CPU
	EndGlobalSection
	GlobalSection(ProjectConfigurationPlatforms) = postSolution
		{FF9B1348-111C-4BE1-A043-BBF6D8420EA4}.Debug|Any CPU.ActiveCfg = Debug|Any CPU
		{FF9B1348-111C-4BE1-A043-BBF6D8420EA4}.Debug|Any CPU.Build.0 = Debug|Any CPU
		{FF9B1348-111C-4BE1-A043-BBF6D8420EA4}.Release|Any CPU.ActiveCfg = Release|Any CPU
		{FF9B1348-111C-4BE1-A043-BBF6D8420EA4}.Release|Any CPU.Build.0 = Release|Any CPU
	EndGlobalSection
	GlobalSection(SolutionProperties) = preSolution
		HideSolutionNode = FALSE
	EndGlobalSection
	GlobalSection(ExtensibilityGlobals) = postSolution
		SolutionGuid = {BE998AE3-3C63-483C-B384-56C628569334}
	EndGlobalSection
EndGlobal
